
Microsoft Visual Studio Solution File, Format Version 12.00
# Visual Studio Version 17
VisualStudioVersion = 17.9.34723.18
MinimumVisualStudioVersion = 10.0.40219.1
Project("{FAE04EC0-301F-11D3-BF4B-00C04F79EFBC}") = "Lab1_sr", "Lab1_sr.csproj", "{16893AF5-2B6F-42DD-8E43-6C11AAF60CB6}"
EndProject
Global
	GlobalSection(SolutionConfigurationPlatforms) = preSolution
		Debug|Any CPU = Debug|Any CPU
		Release|Any CPU = Release|Any CPU
	EndGlobalSection
	GlobalSection(ProjectConfigurationPlatforms) = postSolution
		{16893AF5-2B6F-42DD-8E43-6C11AAF60CB6}.Debug|Any CPU.ActiveCfg = Debug|Any CPU
		{16893AF5-2B6F-42DD-8E43-6C11AAF60CB6}.Debug|Any CPU.Build.0 = Debug|Any CPU
		{16893AF5-2B6F-42DD-8E43-6C11AAF60CB6}.Release|Any CPU.ActiveCfg = Release|Any CPU
		{16893AF5-2B6F-42DD-8E43-6C11AAF60CB6}.Release|Any CPU.Build.0 = Release|Any CPU
	EndGlobalSection
	GlobalSection(SolutionProperties) = preSolution
		HideSolutionNode = FALSE
	EndGlobalSection
	GlobalSection(ExtensibilityGlobals) = postSolution
		SolutionGuid = {AB3D21E4-770D-4062-82EE-75CF0B83875C}
	EndGlobalSection
EndGlobal
